
Microsoft Visual Studio Solution File, Format Version 12.00
# Visual Studio Version 17
VisualStudioVersion = 17.4.33213.308
MinimumVisualStudioVersion = 10.0.40219.1
Project("{9A19103F-16F7-4668-BE54-9A1E7A4F7556}") = "Event-Elevation-server", "Event-Elevation-server.csproj", "{465CA81B-CB52-4ED0-AD81-4E7C9757EB46}"
EndProject
Global
	GlobalSection(SolutionConfigurationPlatforms) = preSolution
		Debug|Any CPU = Debug|Any CPU
		Release|Any CPU = Release|Any CPU
	EndGlobalSection
	GlobalSection(ProjectConfigurationPlatforms) = postSolution
		{465CA81B-CB52-4ED0-AD81-4E7C9757EB46}.Debug|Any CPU.ActiveCfg = Debug|Any CPU
		{465CA81B-CB52-4ED0-AD81-4E7C9757EB46}.Debug|Any CPU.Build.0 = Debug|Any CPU
		{465CA81B-CB52-4ED0-AD81-4E7C9757EB46}.Release|Any CPU.ActiveCfg = Release|Any CPU
		{465CA81B-CB52-4ED0-AD81-4E7C9757EB46}.Release|Any CPU.Build.0 = Release|Any CPU
	EndGlobalSection
	GlobalSection(SolutionProperties) = preSolution
		HideSolutionNode = FALSE
	EndGlobalSection
	GlobalSection(ExtensibilityGlobals) = postSolution
		SolutionGuid = {6D73D7A2-AE06-4321-BAFB-BA2A05B268D0}
	EndGlobalSection
EndGlobal
